// !$*UTF8*$!
{
	archiveVersion = 1;
	classes = {
	};
	objectVersion = 46;
	objects = {

/* Begin PBXBuildFile section */
		0C3DDB3F1E7C5C0B00D1BECC /* AppDelegate.swift in Sources */ = {isa = PBXBuildFile; fileRef = 0C3DDB3E1E7C5C0B00D1BECC /* AppDelegate.swift */; };
		0C3DDB411E7C5C0B00D1BECC /* ViewController.swift in Sources */ = {isa = PBXBuildFile; fileRef = 0C3DDB401E7C5C0B00D1BECC /* ViewController.swift */; };
		0C3DDB441E7C5C0B00D1BECC /* Main.storyboard in Resources */ = {isa = PBXBuildFile; fileRef = 0C3DDB421E7C5C0B00D1BECC /* Main.storyboard */; };
		0C3DDB461E7C5C0B00D1BECC /* Assets.xcassets in Resources */ = {isa = PBXBuildFile; fileRef = 0C3DDB451E7C5C0B00D1BECC /* Assets.xcassets */; };
		0C3DDB491E7C5C0B00D1BECC /* LaunchScreen.storyboard in Resources */ = {isa = PBXBuildFile; fileRef = 0C3DDB471E7C5C0B00D1BECC /* LaunchScreen.storyboard */; };
		0C3DDB511E7C5D4500D1BECC /* Student.swift in Sources */ = {isa = PBXBuildFile; fileRef = 0C3DDB501E7C5D4500D1BECC /* Student.swift */; };
		0C3DDB551E7C65BF00D1BECC /* iCarousel.m in Sources */ = {isa = PBXBuildFile; fileRef = 0C3DDB541E7C65BF00D1BECC /* iCarousel.m */; };
/* End PBXBuildFile section */

/* Begin PBXFileReference section */
		0C3DDB3B1E7C5C0B00D1BECC /* Student Info.app */ = {isa = PBXFileReference; explicitFileType = wrapper.application; includeInIndex = 0; path = "Student Info.app"; sourceTree = BUILT_PRODUCTS_DIR; };
		0C3DDB3E1E7C5C0B00D1BECC /* AppDelegate.swift */ = {isa = PBXFileReference; lastKnownFileType = sourcecode.swift; path = AppDelegate.swift; sourceTree = "<group>"; };
		0C3DDB401E7C5C0B00D1BECC /* ViewController.swift */ = {isa = PBXFileReference; lastKnownFileType = sourcecode.swift; path = ViewController.swift; sourceTree = "<group>"; };
		0C3DDB431E7C5C0B00D1BECC /* Base */ = {isa = PBXFileReference; lastKnownFileType = file.storyboard; name = Base; path = Base.lproj/Main.storyboard; sourceTree = "<group>"; };
		0C3DDB451E7C5C0B00D1BECC /* Assets.xcassets */ = {isa = PBXFileReference; lastKnownFileType = folder.assetcatalog; path = Assets.xcassets; sourceTree = "<group>"; };
		0C3DDB481E7C5C0B00D1BECC /* Base */ = {isa = PBXFileReference; lastKnownFileType = file.storyboard; name = Base; path = Base.lproj/LaunchScreen.storyboard; sourceTree = "<group>"; };
		0C3DDB4A1E7C5C0B00D1BECC /* Info.plist */ = {isa = PBXFileReference; lastKnownFileType = text.plist.xml; path = Info.plist; sourceTree = "<group>"; };
		0C3DDB501E7C5D4500D1BECC /* Student.swift */ = {isa = PBXFileReference; fileEncoding = 4; lastKnownFileType = sourcecode.swift; path = Student.swift; sourceTree = "<group>"; };
		0C3DDB521E7C65BE00D1BECC /* Student Info-Bridging-Header.h */ = {isa = PBXFileReference; lastKnownFileType = sourcecode.c.h; path = "Student Info-Bridging-Header.h"; sourceTree = "<group>"; };
		0C3DDB531E7C65BF00D1BECC /* iCarousel.h */ = {isa = PBXFileReference; fileEncoding = 4; lastKnownFileType = sourcecode.c.h; path = iCarousel.h; sourceTree = "<group>"; };
		0C3DDB541E7C65BF00D1BECC /* iCarousel.m */ = {isa = PBXFileReference; fileEncoding = 4; lastKnownFileType = sourcecode.c.objc; path = iCarousel.m; sourceTree = "<group>"; };
/* End PBXFileReference section */

/* Begin PBXFrameworksBuildPhase section */
		0C3DDB381E7C5C0B00D1BECC /* Frameworks */ = {
			isa = PBXFrameworksBuildPhase;
			buildActionMask = 2147483647;
			files = (
			);
			runOnlyForDeploymentPostprocessing = 0;
		};
/* End PBXFrameworksBuildPhase section */

/* Begin PBXGroup section */
		0C3DDB321E7C5C0B00D1BECC = {
			isa = PBXGroup;
			children = (
				0C3DDB3D1E7C5C0B00D1BECC /* Student Info */,
				0C3DDB3C1E7C5C0B00D1BECC /* Products */,
			);
			sourceTree = "<group>";
		};
		0C3DDB3C1E7C5C0B00D1BECC /* Products */ = {
			isa = PBXGroup;
			children = (
				0C3DDB3B1E7C5C0B00D1BECC /* Student Info.app */,
			);
			name = Products;
			sourceTree = "<group>";
		};
		0C3DDB3D1E7C5C0B00D1BECC /* Student Info */ = {
			isa = PBXGroup;
			children = (
				0C3DDB3E1E7C5C0B00D1BECC /* AppDelegate.swift */,
				0C3DDB401E7C5C0B00D1BECC /* ViewController.swift */,
				0C3DDB421E7C5C0B00D1BECC /* Main.storyboard */,
				0C3DDB451E7C5C0B00D1BECC /* Assets.xcassets */,
				0C3DDB471E7C5C0B00D1BECC /* LaunchScreen.storyboard */,
				0C3DDB4A1E7C5C0B00D1BECC /* Info.plist */,
				0C3DDB531E7C65BF00D1BECC /* iCarousel.h */,
				0C3DDB541E7C65BF00D1BECC /* iCarousel.m */,
				0C3DDB501E7C5D4500D1BECC /* Student.swift */,
				0C3DDB521E7C65BE00D1BECC /* Student Info-Bridging-Header.h */,
			);
			path = "Student Info";
			sourceTree = "<group>";
		};
/* End PBXGroup section */

/* Begin PBXNativeTarget section */
		0C3DDB3A1E7C5C0B00D1BECC /* Student Info */ = {
			isa = PBXNativeTarget;
			buildConfigurationList = 0C3DDB4D1E7C5C0B00D1BECC /* Build configuration list for PBXNativeTarget "Student Info" */;
			buildPhases = (
				0C3DDB371E7C5C0B00D1BECC /* Sources */,
				0C3DDB381E7C5C0B00D1BECC /* Frameworks */,
				0C3DDB391E7C5C0B00D1BECC /* Resources */,
			);
			buildRules = (
			);
			dependencies = (
			);
			name = "Student Info";
			productName = "Student Info";
			productReference = 0C3DDB3B1E7C5C0B00D1BECC /* Student Info.app */;
			productType = "com.apple.product-type.application";
		};
/* End PBXNativeTarget section */

/* Begin PBXProject section */
		0C3DDB331E7C5C0B00D1BECC /* Project object */ = {
			isa = PBXProject;
			attributes = {
				LastSwiftUpdateCheck = 0810;
				LastUpgradeCheck = 0810;
				ORGANIZATIONNAME = "Doğan Kılıç";
				TargetAttributes = {
					0C3DDB3A1E7C5C0B00D1BECC = {
						CreatedOnToolsVersion = 8.1;
						LastSwiftMigration = 0810;
						ProvisioningStyle = Automatic;
					};
				};
			};
			buildConfigurationList = 0C3DDB361E7C5C0B00D1BECC /* Build configuration list for PBXProject "Student Info" */;
			compatibilityVersion = "Xcode 3.2";
			developmentRegion = English;
			hasScannedForEncodings = 0;
			knownRegions = (
				en,
				Base,
			);
			mainGroup = 0C3DDB321E7C5C0B00D1BECC;
			productRefGroup = 0C3DDB3C1E7C5C0B00D1BECC /* Products */;
			projectDirPath = "";
			projectRoot = "";
			targets = (
				0C3DDB3A1E7C5C0B00D1BECC /* Student Info */,
			);
		};
/* End PBXProject section */

/* Begin PBXResourcesBuildPhase section */
		0C3DDB391E7C5C0B00D1BECC /* Resources */ = {
			isa = PBXResourcesBuildPhase;
			buildActionMask = 2147483647;
			files = (
				0C3DDB491E7C5C0B00D1BECC /* LaunchScreen.storyboard in Resources */,
				0C3DDB461E7C5C0B00D1BECC /* Assets.xcassets in Resources */,
				0C3DDB441E7C5C0B00D1BECC /* Main.storyboard in Resources */,
			);
			runOnlyForDeploymentPostprocessing = 0;
		};
/* End PBXResourcesBuildPhase section */

/* Begin PBXSourcesBuildPhase section */
		0C3DDB371E7C5C0B00D1BECC /* Sources */ = {
			isa = PBXSourcesBuildPhase;
			buildActionMask = 2147483647;
			files = (
				0C3DDB411E7C5C0B00D1BECC /* ViewController.swift in Sources */,
				0C3DDB551E7C65BF00D1BECC /* iCarousel.m in Sources */,
				0C3DDB511E7C5D4500D1BECC /* Student.swift in Sources */,
				0C3DDB3F1E7C5C0B00D1BECC /* AppDelegate.swift in Sources */,
			);
			runOnlyForDeploymentPostprocessing = 0;
		};
/* End PBXSourcesBuildPhase section */

/* Begin PBXVariantGroup section */
		0C3DDB421E7C5C0B00D1BECC /* Main.storyboard */ = {
			isa = PBXVariantGroup;
			children = (
				0C3DDB431E7C5C0B00D1BECC /* Base */,
			);
			name = Main.storyboard;
			sourceTree = "<group>";
		};
		0C3DDB471E7C5C0B00D1BECC /* LaunchScreen.storyboard */ = {
			isa = PBXVariantGroup;
			children = (
				0C3DDB481E7C5C0B00D1BECC /* Base */,
			);
			name = LaunchScreen.storyboard;
			sourceTree = "<group>";
		};
/* End PBXVariantGroup section */

/* Begin XCBuildConfiguration section */
		0C3DDB4B1E7C5C0B00D1BECC /* Debug */ = {
			isa = XCBuildConfiguration;
			buildSettings = {
				ALWAYS_SEARCH_USER_PATHS = NO;
				CLANG_ANALYZER_NONNULL = YES;
				CLANG_CXX_LANGUAGE_STANDARD = "gnu++0x";
				CLANG_CXX_LIBRARY = "libc++";
				CLANG_ENABLE_MODULES = YES;
				CLANG_ENABLE_OBJC_ARC = YES;
				CLANG_WARN_BOOL_CONVERSION = YES;
				CLANG_WARN_CONSTANT_CONVERSION = YES;
				CLANG_WARN_DIRECT_OBJC_ISA_USAGE = YES_ERROR;
				CLANG_WARN_DOCUMENTATION_COMMENTS = YES;
				CLANG_WARN_EMPTY_BODY = YES;
				CLANG_WARN_ENUM_CONVERSION = YES;
				CLANG_WARN_INFINITE_RECURSION = YES;
				CLANG_WARN_INT_CONVERSION = YES;
				CLANG_WARN_OBJC_ROOT_CLASS = YES_ERROR;
				CLANG_WARN_SUSPICIOUS_MOVES = YES;
				CLANG_WARN_UNREACHABLE_CODE = YES;
				CLANG_WARN__DUPLICATE_METHOD_MATCH = YES;
				"CODE_SIGN_IDENTITY[sdk=iphoneos*]" = "iPhone Developer";
				COPY_PHASE_STRIP = NO;
				DEBUG_INFORMATION_FORMAT = dwarf;
				ENABLE_STRICT_OBJC_MSGSEND = YES;
				ENABLE_TESTABILITY = YES;
				GCC_C_LANGUAGE_STANDARD = gnu99;
				GCC_DYNAMIC_NO_PIC = NO;
				GCC_NO_COMMON_BLOCKS = YES;
				GCC_OPTIMIZATION_LEVEL = 0;
				GCC_PREPROCESSOR_DEFINITIONS = (
					"DEBUG=1",
					"$(inherited)",
				);
				GCC_WARN_64_TO_32_BIT_CONVERSION = YES;
				GCC_WARN_ABOUT_RETURN_TYPE = YES_ERROR;
				GCC_WARN_UNDECLARED_SELECTOR = YES;
				GCC_WARN_UNINITIALIZED_AUTOS = YES_AGGRESSIVE;
				GCC_WARN_UNUSED_FUNCTION = YES;
				GCC_WARN_UNUSED_VARIABLE = YES;
				IPHONEOS_DEPLOYMENT_TARGET = 10.1;
				MTL_ENABLE_DEBUG_INFO = YES;
				ONLY_ACTIVE_ARCH = YES;
				SDKROOT = iphoneos;
				SWIFT_ACTIVE_COMPILATION_CONDITIONS = DEBUG;
				SWIFT_OPTIMIZATION_LEVEL = "-Onone";
				TARGETED_DEVICE_FAMILY = "1,2";
			};
			name = Debug;
		};
		0C3DDB4C1E7C5C0B00D1BECC /* Release */ = {
			isa = XCBuildConfiguration;
			buildSettings = {
				ALWAYS_SEARCH_USER_PATHS = NO;
				CLANG_ANALYZER_NONNULL = YES;
				CLANG_CXX_LANGUAGE_STANDARD = "gnu++0x";
				CLANG_CXX_LIBRARY = "libc++";
				CLANG_ENABLE_MODULES = YES;
				CLANG_ENABLE_OBJC_ARC = YES;
				CLANG_WARN_BOOL_CONVERSION = YES;
				CLANG_WARN_CONSTANT_CONVERSION = YES;
				CLANG_WARN_DIRECT_OBJC_ISA_USAGE = YES_ERROR;
				CLANG_WARN_DOCUMENTATION_COMMENTS = YES;
				CLANG_WARN_EMPTY_BODY = YES;
				CLANG_WARN_ENUM_CONVERSION = YES;
				CLANG_WARN_INFINITE_RECURSION = YES;
				CLANG_WARN_INT_CONVERSION = YES;
				CLANG_WARN_OBJC_ROOT_CLASS = YES_ERROR;
				CLANG_WARN_SUSPICIOUS_MOVES = YES;
				CLANG_WARN_UNREACHABLE_CODE = YES;
				CLANG_WARN__DUPLICATE_METHOD_MATCH = YES;
				"CODE_SIGN_IDENTITY[sdk=iphoneos*]" = "iPhone Developer";
				COPY_PHASE_STRIP = NO;
				DEBUG_INFORMATION_FORMAT = "dwarf-with-dsym";
				ENABLE_NS_ASSERTIONS = NO;
				ENABLE_STRICT_OBJC_MSGSEND = YES;
				GCC_C_LANGUAGE_STANDARD = gnu99;
				GCC_NO_COMMON_BLOCKS = YES;
				GCC_WARN_64_TO_32_BIT_CONVERSION = YES;
				GCC_WARN_ABOUT_RETURN_TYPE = YES_ERROR;
				GCC_WARN_UNDECLARED_SELECTOR = YES;
				GCC_WARN_UNINITIALIZED_AUTOS = YES_AGGRESSIVE;
				GCC_WARN_UNUSED_FUNCTION = YES;
				GCC_WARN_UNUSED_VARIABLE = YES;
				IPHONEOS_DEPLOYMENT_TARGET = 10.1;
				MTL_ENABLE_DEBUG_INFO = NO;
				SDKROOT = iphoneos;
				SWIFT_OPTIMIZATION_LEVEL = "-Owholemodule";
				TARGETED_DEVICE_FAMILY = "1,2";
				VALIDATE_PRODUCT = YES;
			};
			name = Release;
		};
		0C3DDB4E1E7C5C0B00D1BECC /* Debug */ = {
			isa = XCBuildConfiguration;
			buildSettings = {
				ASSETCATALOG_COMPILER_APPICON_NAME = AppIcon;
				CLANG_ENABLE_MODULES = YES;
				INFOPLIST_FILE = "Student Info/Info.plist";
				LD_RUNPATH_SEARCH_PATHS = "$(inherited) @executable_path/Frameworks";
				PRODUCT_BUNDLE_IDENTIFIER = "com.dnkilic.Student-Info";
				PRODUCT_NAME = "$(TARGET_NAME)";
				SWIFT_OBJC_BRIDGING_HEADER = "Student Info/Student Info-Bridging-Header.h";
				SWIFT_OPTIMIZATION_LEVEL = "-Onone";
				SWIFT_VERSION = 3.0;
			};
			name = Debug;
		};
		0C3DDB4F1E7C5C0B00D1BECC /* Release */ = {
			isa = XCBuildConfiguration;
			buildSettings = {
				ASSETCATALOG_COMPILER_APPICON_NAME = AppIcon;
				CLANG_ENABLE_MODULES = YES;
				INFOPLIST_FILE = "Student Info/Info.plist";
				LD_RUNPATH_SEARCH_PATHS = "$(inherited) @executable_path/Frameworks";
				PRODUCT_BUNDLE_IDENTIFIER = "com.dnkilic.Student-Info";
				PRODUCT_NAME = "$(TARGET_NAME)";
				SWIFT_OBJC_BRIDGING_HEADER = "Student Info/Student Info-Bridging-Header.h";
				SWIFT_VERSION = 3.0;
			};
			name = Release;
		};
/* End XCBuildConfiguration section */

/* Begin XCConfigurationList section */
		0C3DDB361E7C5C0B00D1BECC /* Build configuration list for PBXProject "Student Info" */ = {
			isa = XCConfigurationList;
			buildConfigurations = (
				0C3DDB4B1E7C5C0B00D1BECC /* Debug */,
				0C3DDB4C1E7C5C0B00D1BECC /* Release */,
			);
			defaultConfigurationIsVisible = 0;
			defaultConfigurationName = Release;
		};
		0C3DDB4D1E7C5C0B00D1BECC /* Build configuration list for PBXNativeTarget "Student Info" */ = {
			isa = XCConfigurationList;
			buildConfigurations = (
				0C3DDB4E1E7C5C0B00D1BECC /* Debug */,
				0C3DDB4F1E7C5C0B00D1BECC /* Release */,
			);
			defaultConfigurationIsVisible = 0;
		};
/* End XCConfigurationList section */
	};
	rootObject = 0C3DDB331E7C5C0B00D1BECC /* Project object */;
}
